
Microsoft Visual Studio Solution File, Format Version 12.00
# Visual Studio Version 17
VisualStudioVersion = 17.5.33103.201
MinimumVisualStudioVersion = 10.0.40219.1
Project("{FAE04EC0-301F-11D3-BF4B-00C04F79EFBC}") = "RapidXaml.WinUI", "RapidXaml.WinUI\RapidXaml.WinUI.csproj", "{EDB05CE5-FBA9-4D68-ABB6-A080E78FF739}"
EndProject
Project("{FAE04EC0-301F-11D3-BF4B-00C04F79EFBC}") = "RapidXaml.MAUI", "RapidXaml.MAUI\RapidXaml.MAUI.csproj", "{D4FDC86E-EE18-4F77-AC7D-73ABD2EB60FC}"
EndProject
Global
	GlobalSection(SolutionConfigurationPlatforms) = preSolution
		Debug|Any CPU = Debug|Any CPU
		Release|Any CPU = Release|Any CPU
	EndGlobalSection
	GlobalSection(ProjectConfigurationPlatforms) = postSolution
		{EDB05CE5-FBA9-4D68-ABB6-A080E78FF739}.Debug|Any CPU.ActiveCfg = Debug|Any CPU
		{EDB05CE5-FBA9-4D68-ABB6-A080E78FF739}.Debug|Any CPU.Build.0 = Debug|Any CPU
		{EDB05CE5-FBA9-4D68-ABB6-A080E78FF739}.Release|Any CPU.ActiveCfg = Release|Any CPU
		{EDB05CE5-FBA9-4D68-ABB6-A080E78FF739}.Release|Any CPU.Build.0 = Release|Any CPU
		{D4FDC86E-EE18-4F77-AC7D-73ABD2EB60FC}.Debug|Any CPU.ActiveCfg = Debug|Any CPU
		{D4FDC86E-EE18-4F77-AC7D-73ABD2EB60FC}.Debug|Any CPU.Build.0 = Debug|Any CPU
		{D4FDC86E-EE18-4F77-AC7D-73ABD2EB60FC}.Release|Any CPU.ActiveCfg = Release|Any CPU
		{D4FDC86E-EE18-4F77-AC7D-73ABD2EB60FC}.Release|Any CPU.Build.0 = Release|Any CPU
	EndGlobalSection
	GlobalSection(SolutionProperties) = preSolution
		HideSolutionNode = FALSE
	EndGlobalSection
	GlobalSection(ExtensibilityGlobals) = postSolution
		SolutionGuid = {4565655B-8011-463B-BA25-1C01439414EB}
	EndGlobalSection
EndGlobal
