
Microsoft Visual Studio Solution File, Format Version 12.00
# Visual Studio Version 17
VisualStudioVersion = 17.5.33103.201
MinimumVisualStudioVersion = 10.0.40219.1
Project("{9A19103F-16F7-4668-BE54-9A1E7A4F7556}") = "RapidXaml.WinUI", "RapidXaml.WinUI\RapidXaml.WinUI.csproj", "{EDB05CE5-FBA9-4D68-ABB6-A080E78FF739}"
EndProject
Project("{9A19103F-16F7-4668-BE54-9A1E7A4F7556}") = "RapidXaml.MAUI", "RapidXaml.MAUI\RapidXaml.MAUI.csproj", "{D4FDC86E-EE18-4F77-AC7D-73ABD2EB60FC}"
EndProject
Project("{9A19103F-16F7-4668-BE54-9A1E7A4F7556}") = "RapidXaml.WPF", "RapidXaml.WPF\RapidXaml.WPF.csproj", "{71C5409E-ED60-4469-A9E5-438367F33A07}"
EndProject
Project("{2150E333-8FDC-42A3-9474-1A3956D46DE8}") = "Tools", "Tools", "{89E45CBE-4DF0-4999-9DC1-A30F9DB95CE7}"
EndProject
Project("{FAE04EC0-301F-11D3-BF4B-00C04F79EFBC}") = "GenerateWinUIEventToCommand", "Tools\GenerateWinUIEventToCommand\GenerateWinUIEventToCommand.csproj", "{B1563CCC-1C75-4B2E-B087-2F4CEEE0BC46}"
EndProject
Project("{2150E333-8FDC-42A3-9474-1A3956D46DE8}") = "Solution Items", "Solution Items", "{8EC462FD-D22E-90A8-E5CE-7E832BA40C5D}"
	ProjectSection(SolutionItems) = preProject
		.editorconfig = .editorconfig
		Directory.Build.props = Directory.Build.props
		signnupkg.targets = signnupkg.targets
	EndProjectSection
EndProject
Project("{FAE04EC0-301F-11D3-BF4B-00C04F79EFBC}") = "RapidXaml.CodeGen.Maui", "RapidXaml.CodeGen.Maui\RapidXaml.CodeGen.Maui.csproj", "{D1883870-56AB-AE5A-7773-48E509B402B1}"
EndProject
Project("{FAE04EC0-301F-11D3-BF4B-00C04F79EFBC}") = "RapidXaml.CodeGen.Wpf", "RapidXaml.CodeGen.Wpf\RapidXaml.CodeGen.Wpf.csproj", "{8F4CAE69-1E88-102C-07CA-51A3D0C8B0D1}"
EndProject
Global
	GlobalSection(SolutionConfigurationPlatforms) = preSolution
		Debug|Any CPU = Debug|Any CPU
		Release|Any CPU = Release|Any CPU
	EndGlobalSection
	GlobalSection(ProjectConfigurationPlatforms) = postSolution
		{EDB05CE5-FBA9-4D68-ABB6-A080E78FF739}.Debug|Any CPU.ActiveCfg = Debug|Any CPU
		{EDB05CE5-FBA9-4D68-ABB6-A080E78FF739}.Debug|Any CPU.Build.0 = Debug|Any CPU
		{EDB05CE5-FBA9-4D68-ABB6-A080E78FF739}.Release|Any CPU.ActiveCfg = Release|Any CPU
		{EDB05CE5-FBA9-4D68-ABB6-A080E78FF739}.Release|Any CPU.Build.0 = Release|Any CPU
		{D4FDC86E-EE18-4F77-AC7D-73ABD2EB60FC}.Debug|Any CPU.ActiveCfg = Debug|Any CPU
		{D4FDC86E-EE18-4F77-AC7D-73ABD2EB60FC}.Debug|Any CPU.Build.0 = Debug|Any CPU
		{D4FDC86E-EE18-4F77-AC7D-73ABD2EB60FC}.Release|Any CPU.ActiveCfg = Release|Any CPU
		{D4FDC86E-EE18-4F77-AC7D-73ABD2EB60FC}.Release|Any CPU.Build.0 = Release|Any CPU
		{71C5409E-ED60-4469-A9E5-438367F33A07}.Debug|Any CPU.ActiveCfg = Debug|Any CPU
		{71C5409E-ED60-4469-A9E5-438367F33A07}.Debug|Any CPU.Build.0 = Debug|Any CPU
		{71C5409E-ED60-4469-A9E5-438367F33A07}.Release|Any CPU.ActiveCfg = Release|Any CPU
		{71C5409E-ED60-4469-A9E5-438367F33A07}.Release|Any CPU.Build.0 = Release|Any CPU
		{B1563CCC-1C75-4B2E-B087-2F4CEEE0BC46}.Debug|Any CPU.ActiveCfg = Debug|Any CPU
		{B1563CCC-1C75-4B2E-B087-2F4CEEE0BC46}.Debug|Any CPU.Build.0 = Debug|Any CPU
		{B1563CCC-1C75-4B2E-B087-2F4CEEE0BC46}.Release|Any CPU.ActiveCfg = Release|Any CPU
		{B1563CCC-1C75-4B2E-B087-2F4CEEE0BC46}.Release|Any CPU.Build.0 = Release|Any CPU
		{D1883870-56AB-AE5A-7773-48E509B402B1}.Debug|Any CPU.ActiveCfg = Debug|Any CPU
		{D1883870-56AB-AE5A-7773-48E509B402B1}.Debug|Any CPU.Build.0 = Debug|Any CPU
		{D1883870-56AB-AE5A-7773-48E509B402B1}.Release|Any CPU.ActiveCfg = Release|Any CPU
		{D1883870-56AB-AE5A-7773-48E509B402B1}.Release|Any CPU.Build.0 = Release|Any CPU
		{8F4CAE69-1E88-102C-07CA-51A3D0C8B0D1}.Debug|Any CPU.ActiveCfg = Debug|Any CPU
		{8F4CAE69-1E88-102C-07CA-51A3D0C8B0D1}.Debug|Any CPU.Build.0 = Debug|Any CPU
		{8F4CAE69-1E88-102C-07CA-51A3D0C8B0D1}.Release|Any CPU.ActiveCfg = Release|Any CPU
		{8F4CAE69-1E88-102C-07CA-51A3D0C8B0D1}.Release|Any CPU.Build.0 = Release|Any CPU
	EndGlobalSection
	GlobalSection(SolutionProperties) = preSolution
		HideSolutionNode = FALSE
	EndGlobalSection
	GlobalSection(NestedProjects) = preSolution
		{B1563CCC-1C75-4B2E-B087-2F4CEEE0BC46} = {89E45CBE-4DF0-4999-9DC1-A30F9DB95CE7}
	EndGlobalSection
	GlobalSection(ExtensibilityGlobals) = postSolution
		SolutionGuid = {4565655B-8011-463B-BA25-1C01439414EB}
	EndGlobalSection
EndGlobal
