
Microsoft Visual Studio Solution File, Format Version 12.00
# Visual Studio Version 16
VisualStudioVersion = 16.0.29215.179
MinimumVisualStudioVersion = 10.0.40219.1
Project("{FAE04EC0-301F-11D3-BF4B-00C04F79EFBC}") = "RapidXamlToolkit", "RapidXamlToolkit\RapidXamlToolkit.csproj", "{053A3048-276A-49ED-BD34-9C3AB1273A26}"
EndProject
Project("{FAE04EC0-301F-11D3-BF4B-00C04F79EFBC}") = "RapidXamlToolkit.Tests", "RapidXamlToolkit.Tests\RapidXamlToolkit.Tests.csproj", "{8A7DD653-78BC-4EAB-8227-4309CC25E750}"
EndProject
Project("{2150E333-8FDC-42A3-9474-1A3956D46DE8}") = "Solution Items", "Solution Items", "{B08D9035-A448-49BB-8F55-89E7BC7E70BF}"
	ProjectSection(SolutionItems) = preProject
		.editorconfig = .editorconfig
		..\appveyor.yml = ..\appveyor.yml
		DeveloperNotes.txt = DeveloperNotes.txt
		..\docs\getting-started.md = ..\docs\getting-started.md
		RapidXamlToolkit\GlobalSuppressions.cs = RapidXamlToolkit\GlobalSuppressions.cs
		nuget.config = nuget.config
		nuget.exe = nuget.exe
		packandsignnupkg.targets = packandsignnupkg.targets
		..\RELEASE_NOTES.md = ..\RELEASE_NOTES.md
		signvsix.targets = signvsix.targets
		UseSecretsForBuild.ps1 = UseSecretsForBuild.ps1
	EndProjectSection
EndProject
Project("{2150E333-8FDC-42A3-9474-1A3956D46DE8}") = "Tools", "Tools", "{5EDF5A5A-465F-42F9-9F63-4CADDA8D1B3E}"
EndProject
Project("{FAE04EC0-301F-11D3-BF4B-00C04F79EFBC}") = "RapidXaml.Analysis", "RapidXaml.Analysis\RapidXaml.Analysis.csproj", "{FC81B148-4683-4557-BEA1-69AD39241576}"
EndProject
Project("{FAE04EC0-301F-11D3-BF4B-00C04F79EFBC}") = "RapidXaml.Generation", "RapidXaml.Generation\RapidXaml.Generation.csproj", "{F3E12D01-04D9-49D0-BB5B-F4FD62CFF54A}"
EndProject
Project("{FAE04EC0-301F-11D3-BF4B-00C04F79EFBC}") = "RapidXaml.Shared", "RapidXaml.Shared\RapidXaml.Shared.csproj", "{891D63BC-FA0D-4657-B433-F7F8DD27CD28}"
EndProject
Project("{FAE04EC0-301F-11D3-BF4B-00C04F79EFBC}") = "RapidXaml.RoslynAnalyzers", "RapidXaml.RoslynAnalyzers\RapidXaml.RoslynAnalyzers.csproj", "{333FEEC8-4973-4471-9F0C-A90072383FA8}"
EndProject
Project("{9A19103F-16F7-4668-BE54-9A1E7A4F7556}") = "RapidXaml.BuildAnalysis", "RapidXaml.BuildAnalysis\RapidXaml.BuildAnalysis.csproj", "{CA5DCE89-5AC5-47C0-9F70-44778A26A723}"
	ProjectSection(ProjectDependencies) = postProject
		{C95A2161-FA48-403C-B836-F4E19555CB21} = {C95A2161-FA48-403C-B836-F4E19555CB21}
	EndProjectSection
EndProject
Project("{9A19103F-16F7-4668-BE54-9A1E7A4F7556}") = "RapidXaml.AnalysisExe", "RapidXaml.AnalysisExe\RapidXaml.AnalysisExe.csproj", "{C95A2161-FA48-403C-B836-F4E19555CB21}"
EndProject
Project("{FAE04EC0-301F-11D3-BF4B-00C04F79EFBC}") = "RapidXaml.Common", "RapidXaml.Common\RapidXaml.Common.csproj", "{BD7D2207-DD5A-48FC-A84A-4B3307A689B7}"
EndProject
Project("{9A19103F-16F7-4668-BE54-9A1E7A4F7556}") = "RapidXaml.CustomAnalysis", "RapidXaml.CustomAnalysis\RapidXaml.CustomAnalysis.csproj", "{93BA7914-1204-49F8-977A-091D30E4718B}"
EndProject
Project("{9A19103F-16F7-4668-BE54-9A1E7A4F7556}") = "RapidXaml.InternalAnalyzers", "RapidXaml.InternalAnalyzers\RapidXaml.InternalAnalyzers\RapidXaml.InternalAnalyzers.csproj", "{FDBE6D55-075C-478B-879C-90114FE0EE0A}"
EndProject
Project("{FAE04EC0-301F-11D3-BF4B-00C04F79EFBC}") = "RapidXaml.AnalysisCore", "RapidXaml.AnalysisCore\RapidXaml.AnalysisCore.csproj", "{2B687603-849F-443C-AF11-12CD03F7C139}"
EndProject
Project("{9A19103F-16F7-4668-BE54-9A1E7A4F7556}") = "RapidXaml.AutoFix", "RapidXaml.AutoFix\RapidXaml.AutoFix.csproj", "{88C6355F-9C00-42F8-8595-A554960C3136}"
EndProject
Project("{9A19103F-16F7-4668-BE54-9A1E7A4F7556}") = "RapidXaml.Utils", "RapidXaml.Utils\RapidXaml.Utils.csproj", "{C5C70826-26A9-44EF-B91A-B2A46C066236}"
EndProject
Global
	GlobalSection(SolutionConfigurationPlatforms) = preSolution
		Debug|Any CPU = Debug|Any CPU
		Debug|ARM = Debug|ARM
		Debug|ARM64 = Debug|ARM64
		Debug|x64 = Debug|x64
		Debug|x86 = Debug|x86
		Release|Any CPU = Release|Any CPU
		Release|ARM = Release|ARM
		Release|ARM64 = Release|ARM64
		Release|x64 = Release|x64
		Release|x86 = Release|x86
	EndGlobalSection
	GlobalSection(ProjectConfigurationPlatforms) = postSolution
		{053A3048-276A-49ED-BD34-9C3AB1273A26}.Debug|Any CPU.ActiveCfg = Debug|Any CPU
		{053A3048-276A-49ED-BD34-9C3AB1273A26}.Debug|Any CPU.Build.0 = Debug|Any CPU
		{053A3048-276A-49ED-BD34-9C3AB1273A26}.Debug|ARM.ActiveCfg = Debug|Any CPU
		{053A3048-276A-49ED-BD34-9C3AB1273A26}.Debug|ARM.Build.0 = Debug|Any CPU
		{053A3048-276A-49ED-BD34-9C3AB1273A26}.Debug|ARM64.ActiveCfg = Debug|Any CPU
		{053A3048-276A-49ED-BD34-9C3AB1273A26}.Debug|ARM64.Build.0 = Debug|Any CPU
		{053A3048-276A-49ED-BD34-9C3AB1273A26}.Debug|x64.ActiveCfg = Debug|Any CPU
		{053A3048-276A-49ED-BD34-9C3AB1273A26}.Debug|x64.Build.0 = Debug|Any CPU
		{053A3048-276A-49ED-BD34-9C3AB1273A26}.Debug|x86.ActiveCfg = Debug|Any CPU
		{053A3048-276A-49ED-BD34-9C3AB1273A26}.Debug|x86.Build.0 = Debug|Any CPU
		{053A3048-276A-49ED-BD34-9C3AB1273A26}.Release|Any CPU.ActiveCfg = Release|Any CPU
		{053A3048-276A-49ED-BD34-9C3AB1273A26}.Release|Any CPU.Build.0 = Release|Any CPU
		{053A3048-276A-49ED-BD34-9C3AB1273A26}.Release|ARM.ActiveCfg = Release|Any CPU
		{053A3048-276A-49ED-BD34-9C3AB1273A26}.Release|ARM.Build.0 = Release|Any CPU
		{053A3048-276A-49ED-BD34-9C3AB1273A26}.Release|ARM64.ActiveCfg = Release|Any CPU
		{053A3048-276A-49ED-BD34-9C3AB1273A26}.Release|ARM64.Build.0 = Release|Any CPU
		{053A3048-276A-49ED-BD34-9C3AB1273A26}.Release|x64.ActiveCfg = Release|Any CPU
		{053A3048-276A-49ED-BD34-9C3AB1273A26}.Release|x64.Build.0 = Release|Any CPU
		{053A3048-276A-49ED-BD34-9C3AB1273A26}.Release|x86.ActiveCfg = Release|Any CPU
		{053A3048-276A-49ED-BD34-9C3AB1273A26}.Release|x86.Build.0 = Release|Any CPU
		{8A7DD653-78BC-4EAB-8227-4309CC25E750}.Debug|Any CPU.ActiveCfg = Debug|Any CPU
		{8A7DD653-78BC-4EAB-8227-4309CC25E750}.Debug|Any CPU.Build.0 = Debug|Any CPU
		{8A7DD653-78BC-4EAB-8227-4309CC25E750}.Debug|ARM.ActiveCfg = Debug|Any CPU
		{8A7DD653-78BC-4EAB-8227-4309CC25E750}.Debug|ARM.Build.0 = Debug|Any CPU
		{8A7DD653-78BC-4EAB-8227-4309CC25E750}.Debug|ARM64.ActiveCfg = Debug|Any CPU
		{8A7DD653-78BC-4EAB-8227-4309CC25E750}.Debug|ARM64.Build.0 = Debug|Any CPU
		{8A7DD653-78BC-4EAB-8227-4309CC25E750}.Debug|x64.ActiveCfg = Debug|Any CPU
		{8A7DD653-78BC-4EAB-8227-4309CC25E750}.Debug|x64.Build.0 = Debug|Any CPU
		{8A7DD653-78BC-4EAB-8227-4309CC25E750}.Debug|x86.ActiveCfg = Debug|Any CPU
		{8A7DD653-78BC-4EAB-8227-4309CC25E750}.Debug|x86.Build.0 = Debug|Any CPU
		{8A7DD653-78BC-4EAB-8227-4309CC25E750}.Release|Any CPU.ActiveCfg = Release|Any CPU
		{8A7DD653-78BC-4EAB-8227-4309CC25E750}.Release|Any CPU.Build.0 = Release|Any CPU
		{8A7DD653-78BC-4EAB-8227-4309CC25E750}.Release|ARM.ActiveCfg = Release|Any CPU
		{8A7DD653-78BC-4EAB-8227-4309CC25E750}.Release|ARM.Build.0 = Release|Any CPU
		{8A7DD653-78BC-4EAB-8227-4309CC25E750}.Release|ARM64.ActiveCfg = Release|Any CPU
		{8A7DD653-78BC-4EAB-8227-4309CC25E750}.Release|ARM64.Build.0 = Release|Any CPU
		{8A7DD653-78BC-4EAB-8227-4309CC25E750}.Release|x64.ActiveCfg = Release|Any CPU
		{8A7DD653-78BC-4EAB-8227-4309CC25E750}.Release|x64.Build.0 = Release|Any CPU
		{8A7DD653-78BC-4EAB-8227-4309CC25E750}.Release|x86.ActiveCfg = Release|Any CPU
		{8A7DD653-78BC-4EAB-8227-4309CC25E750}.Release|x86.Build.0 = Release|Any CPU
		{FC81B148-4683-4557-BEA1-69AD39241576}.Debug|Any CPU.ActiveCfg = Debug|Any CPU
		{FC81B148-4683-4557-BEA1-69AD39241576}.Debug|Any CPU.Build.0 = Debug|Any CPU
		{FC81B148-4683-4557-BEA1-69AD39241576}.Debug|ARM.ActiveCfg = Debug|Any CPU
		{FC81B148-4683-4557-BEA1-69AD39241576}.Debug|ARM.Build.0 = Debug|Any CPU
		{FC81B148-4683-4557-BEA1-69AD39241576}.Debug|ARM64.ActiveCfg = Debug|Any CPU
		{FC81B148-4683-4557-BEA1-69AD39241576}.Debug|ARM64.Build.0 = Debug|Any CPU
		{FC81B148-4683-4557-BEA1-69AD39241576}.Debug|x64.ActiveCfg = Debug|Any CPU
		{FC81B148-4683-4557-BEA1-69AD39241576}.Debug|x64.Build.0 = Debug|Any CPU
		{FC81B148-4683-4557-BEA1-69AD39241576}.Debug|x86.ActiveCfg = Debug|Any CPU
		{FC81B148-4683-4557-BEA1-69AD39241576}.Debug|x86.Build.0 = Debug|Any CPU
		{FC81B148-4683-4557-BEA1-69AD39241576}.Release|Any CPU.ActiveCfg = Release|Any CPU
		{FC81B148-4683-4557-BEA1-69AD39241576}.Release|Any CPU.Build.0 = Release|Any CPU
		{FC81B148-4683-4557-BEA1-69AD39241576}.Release|ARM.ActiveCfg = Release|Any CPU
		{FC81B148-4683-4557-BEA1-69AD39241576}.Release|ARM.Build.0 = Release|Any CPU
		{FC81B148-4683-4557-BEA1-69AD39241576}.Release|ARM64.ActiveCfg = Release|Any CPU
		{FC81B148-4683-4557-BEA1-69AD39241576}.Release|ARM64.Build.0 = Release|Any CPU
		{FC81B148-4683-4557-BEA1-69AD39241576}.Release|x64.ActiveCfg = Release|Any CPU
		{FC81B148-4683-4557-BEA1-69AD39241576}.Release|x64.Build.0 = Release|Any CPU
		{FC81B148-4683-4557-BEA1-69AD39241576}.Release|x86.ActiveCfg = Release|Any CPU
		{FC81B148-4683-4557-BEA1-69AD39241576}.Release|x86.Build.0 = Release|Any CPU
		{F3E12D01-04D9-49D0-BB5B-F4FD62CFF54A}.Debug|Any CPU.ActiveCfg = Debug|Any CPU
		{F3E12D01-04D9-49D0-BB5B-F4FD62CFF54A}.Debug|Any CPU.Build.0 = Debug|Any CPU
		{F3E12D01-04D9-49D0-BB5B-F4FD62CFF54A}.Debug|ARM.ActiveCfg = Debug|Any CPU
		{F3E12D01-04D9-49D0-BB5B-F4FD62CFF54A}.Debug|ARM.Build.0 = Debug|Any CPU
		{F3E12D01-04D9-49D0-BB5B-F4FD62CFF54A}.Debug|ARM64.ActiveCfg = Debug|Any CPU
		{F3E12D01-04D9-49D0-BB5B-F4FD62CFF54A}.Debug|ARM64.Build.0 = Debug|Any CPU
		{F3E12D01-04D9-49D0-BB5B-F4FD62CFF54A}.Debug|x64.ActiveCfg = Debug|Any CPU
		{F3E12D01-04D9-49D0-BB5B-F4FD62CFF54A}.Debug|x64.Build.0 = Debug|Any CPU
		{F3E12D01-04D9-49D0-BB5B-F4FD62CFF54A}.Debug|x86.ActiveCfg = Debug|Any CPU
		{F3E12D01-04D9-49D0-BB5B-F4FD62CFF54A}.Debug|x86.Build.0 = Debug|Any CPU
		{F3E12D01-04D9-49D0-BB5B-F4FD62CFF54A}.Release|Any CPU.ActiveCfg = Release|Any CPU
		{F3E12D01-04D9-49D0-BB5B-F4FD62CFF54A}.Release|Any CPU.Build.0 = Release|Any CPU
		{F3E12D01-04D9-49D0-BB5B-F4FD62CFF54A}.Release|ARM.ActiveCfg = Release|Any CPU
		{F3E12D01-04D9-49D0-BB5B-F4FD62CFF54A}.Release|ARM.Build.0 = Release|Any CPU
		{F3E12D01-04D9-49D0-BB5B-F4FD62CFF54A}.Release|ARM64.ActiveCfg = Release|Any CPU
		{F3E12D01-04D9-49D0-BB5B-F4FD62CFF54A}.Release|ARM64.Build.0 = Release|Any CPU
		{F3E12D01-04D9-49D0-BB5B-F4FD62CFF54A}.Release|x64.ActiveCfg = Release|Any CPU
		{F3E12D01-04D9-49D0-BB5B-F4FD62CFF54A}.Release|x64.Build.0 = Release|Any CPU
		{F3E12D01-04D9-49D0-BB5B-F4FD62CFF54A}.Release|x86.ActiveCfg = Release|Any CPU
		{F3E12D01-04D9-49D0-BB5B-F4FD62CFF54A}.Release|x86.Build.0 = Release|Any CPU
		{891D63BC-FA0D-4657-B433-F7F8DD27CD28}.Debug|Any CPU.ActiveCfg = Debug|Any CPU
		{891D63BC-FA0D-4657-B433-F7F8DD27CD28}.Debug|Any CPU.Build.0 = Debug|Any CPU
		{891D63BC-FA0D-4657-B433-F7F8DD27CD28}.Debug|ARM.ActiveCfg = Debug|Any CPU
		{891D63BC-FA0D-4657-B433-F7F8DD27CD28}.Debug|ARM.Build.0 = Debug|Any CPU
		{891D63BC-FA0D-4657-B433-F7F8DD27CD28}.Debug|ARM64.ActiveCfg = Debug|Any CPU
		{891D63BC-FA0D-4657-B433-F7F8DD27CD28}.Debug|ARM64.Build.0 = Debug|Any CPU
		{891D63BC-FA0D-4657-B433-F7F8DD27CD28}.Debug|x64.ActiveCfg = Debug|Any CPU
		{891D63BC-FA0D-4657-B433-F7F8DD27CD28}.Debug|x64.Build.0 = Debug|Any CPU
		{891D63BC-FA0D-4657-B433-F7F8DD27CD28}.Debug|x86.ActiveCfg = Debug|Any CPU
		{891D63BC-FA0D-4657-B433-F7F8DD27CD28}.Debug|x86.Build.0 = Debug|Any CPU
		{891D63BC-FA0D-4657-B433-F7F8DD27CD28}.Release|Any CPU.ActiveCfg = Release|Any CPU
		{891D63BC-FA0D-4657-B433-F7F8DD27CD28}.Release|Any CPU.Build.0 = Release|Any CPU
		{891D63BC-FA0D-4657-B433-F7F8DD27CD28}.Release|ARM.ActiveCfg = Release|Any CPU
		{891D63BC-FA0D-4657-B433-F7F8DD27CD28}.Release|ARM.Build.0 = Release|Any CPU
		{891D63BC-FA0D-4657-B433-F7F8DD27CD28}.Release|ARM64.ActiveCfg = Release|Any CPU
		{891D63BC-FA0D-4657-B433-F7F8DD27CD28}.Release|ARM64.Build.0 = Release|Any CPU
		{891D63BC-FA0D-4657-B433-F7F8DD27CD28}.Release|x64.ActiveCfg = Release|Any CPU
		{891D63BC-FA0D-4657-B433-F7F8DD27CD28}.Release|x64.Build.0 = Release|Any CPU
		{891D63BC-FA0D-4657-B433-F7F8DD27CD28}.Release|x86.ActiveCfg = Release|Any CPU
		{891D63BC-FA0D-4657-B433-F7F8DD27CD28}.Release|x86.Build.0 = Release|Any CPU
		{333FEEC8-4973-4471-9F0C-A90072383FA8}.Debug|Any CPU.ActiveCfg = Debug|Any CPU
		{333FEEC8-4973-4471-9F0C-A90072383FA8}.Debug|Any CPU.Build.0 = Debug|Any CPU
		{333FEEC8-4973-4471-9F0C-A90072383FA8}.Debug|ARM.ActiveCfg = Debug|Any CPU
		{333FEEC8-4973-4471-9F0C-A90072383FA8}.Debug|ARM.Build.0 = Debug|Any CPU
		{333FEEC8-4973-4471-9F0C-A90072383FA8}.Debug|ARM64.ActiveCfg = Debug|Any CPU
		{333FEEC8-4973-4471-9F0C-A90072383FA8}.Debug|ARM64.Build.0 = Debug|Any CPU
		{333FEEC8-4973-4471-9F0C-A90072383FA8}.Debug|x64.ActiveCfg = Debug|Any CPU
		{333FEEC8-4973-4471-9F0C-A90072383FA8}.Debug|x64.Build.0 = Debug|Any CPU
		{333FEEC8-4973-4471-9F0C-A90072383FA8}.Debug|x86.ActiveCfg = Debug|Any CPU
		{333FEEC8-4973-4471-9F0C-A90072383FA8}.Debug|x86.Build.0 = Debug|Any CPU
		{333FEEC8-4973-4471-9F0C-A90072383FA8}.Release|Any CPU.ActiveCfg = Release|Any CPU
		{333FEEC8-4973-4471-9F0C-A90072383FA8}.Release|Any CPU.Build.0 = Release|Any CPU
		{333FEEC8-4973-4471-9F0C-A90072383FA8}.Release|ARM.ActiveCfg = Release|Any CPU
		{333FEEC8-4973-4471-9F0C-A90072383FA8}.Release|ARM.Build.0 = Release|Any CPU
		{333FEEC8-4973-4471-9F0C-A90072383FA8}.Release|ARM64.ActiveCfg = Release|Any CPU
		{333FEEC8-4973-4471-9F0C-A90072383FA8}.Release|ARM64.Build.0 = Release|Any CPU
		{333FEEC8-4973-4471-9F0C-A90072383FA8}.Release|x64.ActiveCfg = Release|Any CPU
		{333FEEC8-4973-4471-9F0C-A90072383FA8}.Release|x64.Build.0 = Release|Any CPU
		{333FEEC8-4973-4471-9F0C-A90072383FA8}.Release|x86.ActiveCfg = Release|Any CPU
		{333FEEC8-4973-4471-9F0C-A90072383FA8}.Release|x86.Build.0 = Release|Any CPU
		{CA5DCE89-5AC5-47C0-9F70-44778A26A723}.Debug|Any CPU.ActiveCfg = Debug|Any CPU
		{CA5DCE89-5AC5-47C0-9F70-44778A26A723}.Debug|Any CPU.Build.0 = Debug|Any CPU
		{CA5DCE89-5AC5-47C0-9F70-44778A26A723}.Debug|ARM.ActiveCfg = Debug|Any CPU
		{CA5DCE89-5AC5-47C0-9F70-44778A26A723}.Debug|ARM.Build.0 = Debug|Any CPU
		{CA5DCE89-5AC5-47C0-9F70-44778A26A723}.Debug|ARM64.ActiveCfg = Debug|Any CPU
		{CA5DCE89-5AC5-47C0-9F70-44778A26A723}.Debug|ARM64.Build.0 = Debug|Any CPU
		{CA5DCE89-5AC5-47C0-9F70-44778A26A723}.Debug|x64.ActiveCfg = Debug|Any CPU
		{CA5DCE89-5AC5-47C0-9F70-44778A26A723}.Debug|x64.Build.0 = Debug|Any CPU
		{CA5DCE89-5AC5-47C0-9F70-44778A26A723}.Debug|x86.ActiveCfg = Debug|Any CPU
		{CA5DCE89-5AC5-47C0-9F70-44778A26A723}.Debug|x86.Build.0 = Debug|Any CPU
		{CA5DCE89-5AC5-47C0-9F70-44778A26A723}.Release|Any CPU.ActiveCfg = Release|Any CPU
		{CA5DCE89-5AC5-47C0-9F70-44778A26A723}.Release|Any CPU.Build.0 = Release|Any CPU
		{CA5DCE89-5AC5-47C0-9F70-44778A26A723}.Release|ARM.ActiveCfg = Release|Any CPU
		{CA5DCE89-5AC5-47C0-9F70-44778A26A723}.Release|ARM.Build.0 = Release|Any CPU
		{CA5DCE89-5AC5-47C0-9F70-44778A26A723}.Release|ARM64.ActiveCfg = Release|Any CPU
		{CA5DCE89-5AC5-47C0-9F70-44778A26A723}.Release|ARM64.Build.0 = Release|Any CPU
		{CA5DCE89-5AC5-47C0-9F70-44778A26A723}.Release|x64.ActiveCfg = Release|Any CPU
		{CA5DCE89-5AC5-47C0-9F70-44778A26A723}.Release|x64.Build.0 = Release|Any CPU
		{CA5DCE89-5AC5-47C0-9F70-44778A26A723}.Release|x86.ActiveCfg = Release|Any CPU
		{CA5DCE89-5AC5-47C0-9F70-44778A26A723}.Release|x86.Build.0 = Release|Any CPU
		{C95A2161-FA48-403C-B836-F4E19555CB21}.Debug|Any CPU.ActiveCfg = Debug|Any CPU
		{C95A2161-FA48-403C-B836-F4E19555CB21}.Debug|Any CPU.Build.0 = Debug|Any CPU
		{C95A2161-FA48-403C-B836-F4E19555CB21}.Debug|ARM.ActiveCfg = Debug|Any CPU
		{C95A2161-FA48-403C-B836-F4E19555CB21}.Debug|ARM.Build.0 = Debug|Any CPU
		{C95A2161-FA48-403C-B836-F4E19555CB21}.Debug|ARM64.ActiveCfg = Debug|Any CPU
		{C95A2161-FA48-403C-B836-F4E19555CB21}.Debug|ARM64.Build.0 = Debug|Any CPU
		{C95A2161-FA48-403C-B836-F4E19555CB21}.Debug|x64.ActiveCfg = Debug|Any CPU
		{C95A2161-FA48-403C-B836-F4E19555CB21}.Debug|x64.Build.0 = Debug|Any CPU
		{C95A2161-FA48-403C-B836-F4E19555CB21}.Debug|x86.ActiveCfg = Debug|Any CPU
		{C95A2161-FA48-403C-B836-F4E19555CB21}.Debug|x86.Build.0 = Debug|Any CPU
		{C95A2161-FA48-403C-B836-F4E19555CB21}.Release|Any CPU.ActiveCfg = Release|Any CPU
		{C95A2161-FA48-403C-B836-F4E19555CB21}.Release|Any CPU.Build.0 = Release|Any CPU
		{C95A2161-FA48-403C-B836-F4E19555CB21}.Release|ARM.ActiveCfg = Release|Any CPU
		{C95A2161-FA48-403C-B836-F4E19555CB21}.Release|ARM.Build.0 = Release|Any CPU
		{C95A2161-FA48-403C-B836-F4E19555CB21}.Release|ARM64.ActiveCfg = Release|Any CPU
		{C95A2161-FA48-403C-B836-F4E19555CB21}.Release|ARM64.Build.0 = Release|Any CPU
		{C95A2161-FA48-403C-B836-F4E19555CB21}.Release|x64.ActiveCfg = Release|Any CPU
		{C95A2161-FA48-403C-B836-F4E19555CB21}.Release|x64.Build.0 = Release|Any CPU
		{C95A2161-FA48-403C-B836-F4E19555CB21}.Release|x86.ActiveCfg = Release|Any CPU
		{C95A2161-FA48-403C-B836-F4E19555CB21}.Release|x86.Build.0 = Release|Any CPU
		{BD7D2207-DD5A-48FC-A84A-4B3307A689B7}.Debug|Any CPU.ActiveCfg = Debug|Any CPU
		{BD7D2207-DD5A-48FC-A84A-4B3307A689B7}.Debug|Any CPU.Build.0 = Debug|Any CPU
		{BD7D2207-DD5A-48FC-A84A-4B3307A689B7}.Debug|ARM.ActiveCfg = Debug|Any CPU
		{BD7D2207-DD5A-48FC-A84A-4B3307A689B7}.Debug|ARM.Build.0 = Debug|Any CPU
		{BD7D2207-DD5A-48FC-A84A-4B3307A689B7}.Debug|ARM64.ActiveCfg = Debug|Any CPU
		{BD7D2207-DD5A-48FC-A84A-4B3307A689B7}.Debug|ARM64.Build.0 = Debug|Any CPU
		{BD7D2207-DD5A-48FC-A84A-4B3307A689B7}.Debug|x64.ActiveCfg = Debug|Any CPU
		{BD7D2207-DD5A-48FC-A84A-4B3307A689B7}.Debug|x64.Build.0 = Debug|Any CPU
		{BD7D2207-DD5A-48FC-A84A-4B3307A689B7}.Debug|x86.ActiveCfg = Debug|Any CPU
		{BD7D2207-DD5A-48FC-A84A-4B3307A689B7}.Debug|x86.Build.0 = Debug|Any CPU
		{BD7D2207-DD5A-48FC-A84A-4B3307A689B7}.Release|Any CPU.ActiveCfg = Release|Any CPU
		{BD7D2207-DD5A-48FC-A84A-4B3307A689B7}.Release|Any CPU.Build.0 = Release|Any CPU
		{BD7D2207-DD5A-48FC-A84A-4B3307A689B7}.Release|ARM.ActiveCfg = Release|Any CPU
		{BD7D2207-DD5A-48FC-A84A-4B3307A689B7}.Release|ARM.Build.0 = Release|Any CPU
		{BD7D2207-DD5A-48FC-A84A-4B3307A689B7}.Release|ARM64.ActiveCfg = Release|Any CPU
		{BD7D2207-DD5A-48FC-A84A-4B3307A689B7}.Release|ARM64.Build.0 = Release|Any CPU
		{BD7D2207-DD5A-48FC-A84A-4B3307A689B7}.Release|x64.ActiveCfg = Release|Any CPU
		{BD7D2207-DD5A-48FC-A84A-4B3307A689B7}.Release|x64.Build.0 = Release|Any CPU
		{BD7D2207-DD5A-48FC-A84A-4B3307A689B7}.Release|x86.ActiveCfg = Release|Any CPU
		{BD7D2207-DD5A-48FC-A84A-4B3307A689B7}.Release|x86.Build.0 = Release|Any CPU
		{93BA7914-1204-49F8-977A-091D30E4718B}.Debug|Any CPU.ActiveCfg = Debug|Any CPU
		{93BA7914-1204-49F8-977A-091D30E4718B}.Debug|Any CPU.Build.0 = Debug|Any CPU
		{93BA7914-1204-49F8-977A-091D30E4718B}.Debug|ARM.ActiveCfg = Debug|Any CPU
		{93BA7914-1204-49F8-977A-091D30E4718B}.Debug|ARM.Build.0 = Debug|Any CPU
		{93BA7914-1204-49F8-977A-091D30E4718B}.Debug|ARM64.ActiveCfg = Debug|Any CPU
		{93BA7914-1204-49F8-977A-091D30E4718B}.Debug|ARM64.Build.0 = Debug|Any CPU
		{93BA7914-1204-49F8-977A-091D30E4718B}.Debug|x64.ActiveCfg = Debug|Any CPU
		{93BA7914-1204-49F8-977A-091D30E4718B}.Debug|x64.Build.0 = Debug|Any CPU
		{93BA7914-1204-49F8-977A-091D30E4718B}.Debug|x86.ActiveCfg = Debug|Any CPU
		{93BA7914-1204-49F8-977A-091D30E4718B}.Debug|x86.Build.0 = Debug|Any CPU
		{93BA7914-1204-49F8-977A-091D30E4718B}.Release|Any CPU.ActiveCfg = Release|Any CPU
		{93BA7914-1204-49F8-977A-091D30E4718B}.Release|Any CPU.Build.0 = Release|Any CPU
		{93BA7914-1204-49F8-977A-091D30E4718B}.Release|ARM.ActiveCfg = Release|Any CPU
		{93BA7914-1204-49F8-977A-091D30E4718B}.Release|ARM.Build.0 = Release|Any CPU
		{93BA7914-1204-49F8-977A-091D30E4718B}.Release|ARM64.ActiveCfg = Release|Any CPU
		{93BA7914-1204-49F8-977A-091D30E4718B}.Release|ARM64.Build.0 = Release|Any CPU
		{93BA7914-1204-49F8-977A-091D30E4718B}.Release|x64.ActiveCfg = Release|Any CPU
		{93BA7914-1204-49F8-977A-091D30E4718B}.Release|x64.Build.0 = Release|Any CPU
		{93BA7914-1204-49F8-977A-091D30E4718B}.Release|x86.ActiveCfg = Release|Any CPU
		{93BA7914-1204-49F8-977A-091D30E4718B}.Release|x86.Build.0 = Release|Any CPU
		{FDBE6D55-075C-478B-879C-90114FE0EE0A}.Debug|Any CPU.ActiveCfg = Debug|Any CPU
		{FDBE6D55-075C-478B-879C-90114FE0EE0A}.Debug|Any CPU.Build.0 = Debug|Any CPU
		{FDBE6D55-075C-478B-879C-90114FE0EE0A}.Debug|ARM.ActiveCfg = Debug|Any CPU
		{FDBE6D55-075C-478B-879C-90114FE0EE0A}.Debug|ARM.Build.0 = Debug|Any CPU
		{FDBE6D55-075C-478B-879C-90114FE0EE0A}.Debug|ARM64.ActiveCfg = Debug|Any CPU
		{FDBE6D55-075C-478B-879C-90114FE0EE0A}.Debug|ARM64.Build.0 = Debug|Any CPU
		{FDBE6D55-075C-478B-879C-90114FE0EE0A}.Debug|x64.ActiveCfg = Debug|Any CPU
		{FDBE6D55-075C-478B-879C-90114FE0EE0A}.Debug|x64.Build.0 = Debug|Any CPU
		{FDBE6D55-075C-478B-879C-90114FE0EE0A}.Debug|x86.ActiveCfg = Debug|Any CPU
		{FDBE6D55-075C-478B-879C-90114FE0EE0A}.Debug|x86.Build.0 = Debug|Any CPU
		{FDBE6D55-075C-478B-879C-90114FE0EE0A}.Release|Any CPU.ActiveCfg = Release|Any CPU
		{FDBE6D55-075C-478B-879C-90114FE0EE0A}.Release|Any CPU.Build.0 = Release|Any CPU
		{FDBE6D55-075C-478B-879C-90114FE0EE0A}.Release|ARM.ActiveCfg = Release|Any CPU
		{FDBE6D55-075C-478B-879C-90114FE0EE0A}.Release|ARM.Build.0 = Release|Any CPU
		{FDBE6D55-075C-478B-879C-90114FE0EE0A}.Release|ARM64.ActiveCfg = Release|Any CPU
		{FDBE6D55-075C-478B-879C-90114FE0EE0A}.Release|ARM64.Build.0 = Release|Any CPU
		{FDBE6D55-075C-478B-879C-90114FE0EE0A}.Release|x64.ActiveCfg = Release|Any CPU
		{FDBE6D55-075C-478B-879C-90114FE0EE0A}.Release|x64.Build.0 = Release|Any CPU
		{FDBE6D55-075C-478B-879C-90114FE0EE0A}.Release|x86.ActiveCfg = Release|Any CPU
		{FDBE6D55-075C-478B-879C-90114FE0EE0A}.Release|x86.Build.0 = Release|Any CPU
		{2B687603-849F-443C-AF11-12CD03F7C139}.Debug|Any CPU.ActiveCfg = Debug|Any CPU
		{2B687603-849F-443C-AF11-12CD03F7C139}.Debug|Any CPU.Build.0 = Debug|Any CPU
		{2B687603-849F-443C-AF11-12CD03F7C139}.Debug|ARM.ActiveCfg = Debug|Any CPU
		{2B687603-849F-443C-AF11-12CD03F7C139}.Debug|ARM.Build.0 = Debug|Any CPU
		{2B687603-849F-443C-AF11-12CD03F7C139}.Debug|ARM64.ActiveCfg = Debug|Any CPU
		{2B687603-849F-443C-AF11-12CD03F7C139}.Debug|ARM64.Build.0 = Debug|Any CPU
		{2B687603-849F-443C-AF11-12CD03F7C139}.Debug|x64.ActiveCfg = Debug|Any CPU
		{2B687603-849F-443C-AF11-12CD03F7C139}.Debug|x64.Build.0 = Debug|Any CPU
		{2B687603-849F-443C-AF11-12CD03F7C139}.Debug|x86.ActiveCfg = Debug|Any CPU
		{2B687603-849F-443C-AF11-12CD03F7C139}.Debug|x86.Build.0 = Debug|Any CPU
		{2B687603-849F-443C-AF11-12CD03F7C139}.Release|Any CPU.ActiveCfg = Release|Any CPU
		{2B687603-849F-443C-AF11-12CD03F7C139}.Release|Any CPU.Build.0 = Release|Any CPU
		{2B687603-849F-443C-AF11-12CD03F7C139}.Release|ARM.ActiveCfg = Release|Any CPU
		{2B687603-849F-443C-AF11-12CD03F7C139}.Release|ARM.Build.0 = Release|Any CPU
		{2B687603-849F-443C-AF11-12CD03F7C139}.Release|ARM64.ActiveCfg = Release|Any CPU
		{2B687603-849F-443C-AF11-12CD03F7C139}.Release|ARM64.Build.0 = Release|Any CPU
		{2B687603-849F-443C-AF11-12CD03F7C139}.Release|x64.ActiveCfg = Release|Any CPU
		{2B687603-849F-443C-AF11-12CD03F7C139}.Release|x64.Build.0 = Release|Any CPU
		{2B687603-849F-443C-AF11-12CD03F7C139}.Release|x86.ActiveCfg = Release|Any CPU
		{2B687603-849F-443C-AF11-12CD03F7C139}.Release|x86.Build.0 = Release|Any CPU
		{88C6355F-9C00-42F8-8595-A554960C3136}.Debug|Any CPU.ActiveCfg = Debug|Any CPU
		{88C6355F-9C00-42F8-8595-A554960C3136}.Debug|Any CPU.Build.0 = Debug|Any CPU
		{88C6355F-9C00-42F8-8595-A554960C3136}.Debug|ARM.ActiveCfg = Debug|Any CPU
		{88C6355F-9C00-42F8-8595-A554960C3136}.Debug|ARM.Build.0 = Debug|Any CPU
		{88C6355F-9C00-42F8-8595-A554960C3136}.Debug|ARM64.ActiveCfg = Debug|Any CPU
		{88C6355F-9C00-42F8-8595-A554960C3136}.Debug|ARM64.Build.0 = Debug|Any CPU
		{88C6355F-9C00-42F8-8595-A554960C3136}.Debug|x64.ActiveCfg = Debug|Any CPU
		{88C6355F-9C00-42F8-8595-A554960C3136}.Debug|x64.Build.0 = Debug|Any CPU
		{88C6355F-9C00-42F8-8595-A554960C3136}.Debug|x86.ActiveCfg = Debug|Any CPU
		{88C6355F-9C00-42F8-8595-A554960C3136}.Debug|x86.Build.0 = Debug|Any CPU
		{88C6355F-9C00-42F8-8595-A554960C3136}.Release|Any CPU.ActiveCfg = Release|Any CPU
		{88C6355F-9C00-42F8-8595-A554960C3136}.Release|Any CPU.Build.0 = Release|Any CPU
		{88C6355F-9C00-42F8-8595-A554960C3136}.Release|ARM.ActiveCfg = Release|Any CPU
		{88C6355F-9C00-42F8-8595-A554960C3136}.Release|ARM.Build.0 = Release|Any CPU
		{88C6355F-9C00-42F8-8595-A554960C3136}.Release|ARM64.ActiveCfg = Release|Any CPU
		{88C6355F-9C00-42F8-8595-A554960C3136}.Release|ARM64.Build.0 = Release|Any CPU
		{88C6355F-9C00-42F8-8595-A554960C3136}.Release|x64.ActiveCfg = Release|Any CPU
		{88C6355F-9C00-42F8-8595-A554960C3136}.Release|x64.Build.0 = Release|Any CPU
		{88C6355F-9C00-42F8-8595-A554960C3136}.Release|x86.ActiveCfg = Release|Any CPU
		{88C6355F-9C00-42F8-8595-A554960C3136}.Release|x86.Build.0 = Release|Any CPU
		{C5C70826-26A9-44EF-B91A-B2A46C066236}.Debug|Any CPU.ActiveCfg = Debug|Any CPU
		{C5C70826-26A9-44EF-B91A-B2A46C066236}.Debug|Any CPU.Build.0 = Debug|Any CPU
		{C5C70826-26A9-44EF-B91A-B2A46C066236}.Debug|ARM.ActiveCfg = Debug|Any CPU
		{C5C70826-26A9-44EF-B91A-B2A46C066236}.Debug|ARM.Build.0 = Debug|Any CPU
		{C5C70826-26A9-44EF-B91A-B2A46C066236}.Debug|ARM64.ActiveCfg = Debug|Any CPU
		{C5C70826-26A9-44EF-B91A-B2A46C066236}.Debug|ARM64.Build.0 = Debug|Any CPU
		{C5C70826-26A9-44EF-B91A-B2A46C066236}.Debug|x64.ActiveCfg = Debug|Any CPU
		{C5C70826-26A9-44EF-B91A-B2A46C066236}.Debug|x64.Build.0 = Debug|Any CPU
		{C5C70826-26A9-44EF-B91A-B2A46C066236}.Debug|x86.ActiveCfg = Debug|Any CPU
		{C5C70826-26A9-44EF-B91A-B2A46C066236}.Debug|x86.Build.0 = Debug|Any CPU
		{C5C70826-26A9-44EF-B91A-B2A46C066236}.Release|Any CPU.ActiveCfg = Release|Any CPU
		{C5C70826-26A9-44EF-B91A-B2A46C066236}.Release|Any CPU.Build.0 = Release|Any CPU
		{C5C70826-26A9-44EF-B91A-B2A46C066236}.Release|ARM.ActiveCfg = Release|Any CPU
		{C5C70826-26A9-44EF-B91A-B2A46C066236}.Release|ARM.Build.0 = Release|Any CPU
		{C5C70826-26A9-44EF-B91A-B2A46C066236}.Release|ARM64.ActiveCfg = Release|Any CPU
		{C5C70826-26A9-44EF-B91A-B2A46C066236}.Release|ARM64.Build.0 = Release|Any CPU
		{C5C70826-26A9-44EF-B91A-B2A46C066236}.Release|x64.ActiveCfg = Release|Any CPU
		{C5C70826-26A9-44EF-B91A-B2A46C066236}.Release|x64.Build.0 = Release|Any CPU
		{C5C70826-26A9-44EF-B91A-B2A46C066236}.Release|x86.ActiveCfg = Release|Any CPU
		{C5C70826-26A9-44EF-B91A-B2A46C066236}.Release|x86.Build.0 = Release|Any CPU
	EndGlobalSection
	GlobalSection(SolutionProperties) = preSolution
		HideSolutionNode = FALSE
	EndGlobalSection
	GlobalSection(NestedProjects) = preSolution
		{FDBE6D55-075C-478B-879C-90114FE0EE0A} = {5EDF5A5A-465F-42F9-9F63-4CADDA8D1B3E}
	EndGlobalSection
	GlobalSection(ExtensibilityGlobals) = postSolution
		SolutionGuid = {75DA1BA4-192B-4D71-94BC-19DE1FA2C0C6}
	EndGlobalSection
EndGlobal
